// !$*UTF8*$!
{
	archiveVersion = 1;
	classes = {
	};
	objectVersion = 56;
	objects = {

/* Begin PBXBuildFile section */
		6DD2DDAE2B21E18F00FAE91E /* AppDelegate.swift in Sources */ = {isa = PBXBuildFile; fileRef = 6DD2DDAD2B21E18F00FAE91E /* AppDelegate.swift */; };
		6DD2DDB02B21E18F00FAE91E /* SceneDelegate.swift in Sources */ = {isa = PBXBuildFile; fileRef = 6DD2DDAF2B21E18F00FAE91E /* SceneDelegate.swift */; };
		6DD2DDB22B21E18F00FAE91E /* WeatherViewController.swift in Sources */ = {isa = PBXBuildFile; fileRef = 6DD2DDB12B21E18F00FAE91E /* WeatherViewController.swift */; };
		6DD2DDB72B21E19200FAE91E /* Assets.xcassets in Resources */ = {isa = PBXBuildFile; fileRef = 6DD2DDB62B21E19200FAE91E /* Assets.xcassets */; };
		6DD2DDC52B21E3B500FAE91E /* SnapKit in Frameworks */ = {isa = PBXBuildFile; productRef = 6DD2DDC42B21E3B500FAE91E /* SnapKit */; };
		6DD2DDC72B21E3B500FAE91E /* SnapKit-Dynamic in Frameworks */ = {isa = PBXBuildFile; productRef = 6DD2DDC62B21E3B500FAE91E /* SnapKit-Dynamic */; };
		6DD2DDCE2B21E46200FAE91E /* LoadingViewController.swift in Sources */ = {isa = PBXBuildFile; fileRef = 6DD2DDCD2B21E46200FAE91E /* LoadingViewController.swift */; };
		6DD2DDD12B21E75600FAE91E /* NameColors.swift in Sources */ = {isa = PBXBuildFile; fileRef = 6DD2DDD02B21E75600FAE91E /* NameColors.swift */; };
		6DD2DDD32B21E7BA00FAE91E /* Segment.swift in Sources */ = {isa = PBXBuildFile; fileRef = 6DD2DDD22B21E7BA00FAE91E /* Segment.swift */; };
		6DD2DDD52B21E83400FAE91E /* API.swift in Sources */ = {isa = PBXBuildFile; fileRef = 6DD2DDD42B21E83400FAE91E /* API.swift */; };
		6DD2DDD82B21E9D000FAE91E /* NetworkManager.swift in Sources */ = {isa = PBXBuildFile; fileRef = 6DD2DDD72B21E9D000FAE91E /* NetworkManager.swift */; };
		6DD2DDDB2B21EA7E00FAE91E /* Weather.swift in Sources */ = {isa = PBXBuildFile; fileRef = 6DD2DDDA2B21EA7E00FAE91E /* Weather.swift */; };
		6DD2DDDD2B21EDB600FAE91E /* APError.swift in Sources */ = {isa = PBXBuildFile; fileRef = 6DD2DDDC2B21EDB600FAE91E /* APError.swift */; };
		6DD2DDE02B21EE4500FAE91E /* UIViewController + Ex.swift in Sources */ = {isa = PBXBuildFile; fileRef = 6DD2DDDF2B21EE4500FAE91E /* UIViewController + Ex.swift */; };
		6DD2DDE22B21F3D400FAE91E /* Double + Ex.swift in Sources */ = {isa = PBXBuildFile; fileRef = 6DD2DDE12B21F3D400FAE91E /* Double + Ex.swift */; };
		6DD2DDE42B21FA3100FAE91E /* DetailViewController.swift in Sources */ = {isa = PBXBuildFile; fileRef = 6DD2DDE32B21FA3100FAE91E /* DetailViewController.swift */; };
		6DD2DDE72B21FA9C00FAE91E /* WeatherTableViewCell.swift in Sources */ = {isa = PBXBuildFile; fileRef = 6DD2DDE62B21FA9C00FAE91E /* WeatherTableViewCell.swift */; };
		6DD2DDE92B22103A00FAE91E /* StackView + Ex.swift in Sources */ = {isa = PBXBuildFile; fileRef = 6DD2DDE82B22103A00FAE91E /* StackView + Ex.swift */; };
/* End PBXBuildFile section */

/* Begin PBXFileReference section */
		6DD2DDAA2B21E18F00FAE91E /* WeatherTest.app */ = {isa = PBXFileReference; explicitFileType = wrapper.application; includeInIndex = 0; path = WeatherTest.app; sourceTree = BUILT_PRODUCTS_DIR; };
		6DD2DDAD2B21E18F00FAE91E /* AppDelegate.swift */ = {isa = PBXFileReference; lastKnownFileType = sourcecode.swift; path = AppDelegate.swift; sourceTree = "<group>"; };
		6DD2DDAF2B21E18F00FAE91E /* SceneDelegate.swift */ = {isa = PBXFileReference; lastKnownFileType = sourcecode.swift; path = SceneDelegate.swift; sourceTree = "<group>"; };
		6DD2DDB12B21E18F00FAE91E /* WeatherViewController.swift */ = {isa = PBXFileReference; lastKnownFileType = sourcecode.swift; path = WeatherViewController.swift; sourceTree = "<group>"; };
		6DD2DDB62B21E19200FAE91E /* Assets.xcassets */ = {isa = PBXFileReference; lastKnownFileType = folder.assetcatalog; path = Assets.xcassets; sourceTree = "<group>"; };
		6DD2DDBB2B21E19200FAE91E /* Info.plist */ = {isa = PBXFileReference; lastKnownFileType = text.plist.xml; path = Info.plist; sourceTree = "<group>"; };
		6DD2DDCD2B21E46200FAE91E /* LoadingViewController.swift */ = {isa = PBXFileReference; lastKnownFileType = sourcecode.swift; path = LoadingViewController.swift; sourceTree = "<group>"; };
		6DD2DDD02B21E75600FAE91E /* NameColors.swift */ = {isa = PBXFileReference; lastKnownFileType = sourcecode.swift; path = NameColors.swift; sourceTree = "<group>"; };
		6DD2DDD22B21E7BA00FAE91E /* Segment.swift */ = {isa = PBXFileReference; lastKnownFileType = sourcecode.swift; path = Segment.swift; sourceTree = "<group>"; };
		6DD2DDD42B21E83400FAE91E /* API.swift */ = {isa = PBXFileReference; lastKnownFileType = sourcecode.swift; path = API.swift; sourceTree = "<group>"; };
		6DD2DDD72B21E9D000FAE91E /* NetworkManager.swift */ = {isa = PBXFileReference; lastKnownFileType = sourcecode.swift; path = NetworkManager.swift; sourceTree = "<group>"; };
		6DD2DDDA2B21EA7E00FAE91E /* Weather.swift */ = {isa = PBXFileReference; lastKnownFileType = sourcecode.swift; path = Weather.swift; sourceTree = "<group>"; };
		6DD2DDDC2B21EDB600FAE91E /* APError.swift */ = {isa = PBXFileReference; lastKnownFileType = sourcecode.swift; path = APError.swift; sourceTree = "<group>"; };
		6DD2DDDF2B21EE4500FAE91E /* UIViewController + Ex.swift */ = {isa = PBXFileReference; lastKnownFileType = sourcecode.swift; path = "UIViewController + Ex.swift"; sourceTree = "<group>"; };
		6DD2DDE12B21F3D400FAE91E /* Double + Ex.swift */ = {isa = PBXFileReference; lastKnownFileType = sourcecode.swift; path = "Double + Ex.swift"; sourceTree = "<group>"; };
		6DD2DDE32B21FA3100FAE91E /* DetailViewController.swift */ = {isa = PBXFileReference; lastKnownFileType = sourcecode.swift; path = DetailViewController.swift; sourceTree = "<group>"; };
		6DD2DDE62B21FA9C00FAE91E /* WeatherTableViewCell.swift */ = {isa = PBXFileReference; lastKnownFileType = sourcecode.swift; path = WeatherTableViewCell.swift; sourceTree = "<group>"; };
		6DD2DDE82B22103A00FAE91E /* StackView + Ex.swift */ = {isa = PBXFileReference; lastKnownFileType = sourcecode.swift; path = "StackView + Ex.swift"; sourceTree = "<group>"; };
/* End PBXFileReference section */

/* Begin PBXFrameworksBuildPhase section */
		6DD2DDA72B21E18F00FAE91E /* Frameworks */ = {
			isa = PBXFrameworksBuildPhase;
			buildActionMask = 2147483647;
			files = (
				6DD2DDC52B21E3B500FAE91E /* SnapKit in Frameworks */,
				6DD2DDC72B21E3B500FAE91E /* SnapKit-Dynamic in Frameworks */,
			);
			runOnlyForDeploymentPostprocessing = 0;
		};
/* End PBXFrameworksBuildPhase section */

/* Begin PBXGroup section */
		6DD2DDA12B21E18F00FAE91E = {
			isa = PBXGroup;
			children = (
				6DD2DDAC2B21E18F00FAE91E /* WeatherTest */,
				6DD2DDAB2B21E18F00FAE91E /* Products */,
			);
			sourceTree = "<group>";
		};
		6DD2DDAB2B21E18F00FAE91E /* Products */ = {
			isa = PBXGroup;
			children = (
				6DD2DDAA2B21E18F00FAE91E /* WeatherTest.app */,
			);
			name = Products;
			sourceTree = "<group>";
		};
		6DD2DDAC2B21E18F00FAE91E /* WeatherTest */ = {
			isa = PBXGroup;
			children = (
				6DD2DDE52B21FA8D00FAE91E /* Cell */,
				6DD2DDDE2B21EE3D00FAE91E /* Extension */,
				6DD2DDD92B21EA7500FAE91E /* Model */,
				6DD2DDD62B21E9C400FAE91E /* Manager */,
				6DD2DDCF2B21E74900FAE91E /* Enum */,
				6DD2DDC92B21E3FC00FAE91E /* Screens */,
				6DD2DDC82B21E3BF00FAE91E /* Support */,
			);
			path = WeatherTest;
			sourceTree = "<group>";
		};
		6DD2DDC82B21E3BF00FAE91E /* Support */ = {
			isa = PBXGroup;
			children = (
				6DD2DDAD2B21E18F00FAE91E /* AppDelegate.swift */,
				6DD2DDAF2B21E18F00FAE91E /* SceneDelegate.swift */,
				6DD2DDB62B21E19200FAE91E /* Assets.xcassets */,
				6DD2DDBB2B21E19200FAE91E /* Info.plist */,
			);
			path = Support;
			sourceTree = "<group>";
		};
		6DD2DDC92B21E3FC00FAE91E /* Screens */ = {
			isa = PBXGroup;
			children = (
				6DD2DDCB2B21E42700FAE91E /* Loading */,
				6DD2DDCA2B21E41B00FAE91E /* Weather */,
				6DD2DDCC2B21E43000FAE91E /* DetailView */,
			);
			path = Screens;
			sourceTree = "<group>";
		};
		6DD2DDCA2B21E41B00FAE91E /* Weather */ = {
			isa = PBXGroup;
			children = (
				6DD2DDB12B21E18F00FAE91E /* WeatherViewController.swift */,
			);
			path = Weather;
			sourceTree = "<group>";
		};
		6DD2DDCB2B21E42700FAE91E /* Loading */ = {
			isa = PBXGroup;
			children = (
				6DD2DDCD2B21E46200FAE91E /* LoadingViewController.swift */,
			);
			path = Loading;
			sourceTree = "<group>";
		};
		6DD2DDCC2B21E43000FAE91E /* DetailView */ = {
			isa = PBXGroup;
			children = (
				6DD2DDE32B21FA3100FAE91E /* DetailViewController.swift */,
			);
			path = DetailView;
			sourceTree = "<group>";
		};
		6DD2DDCF2B21E74900FAE91E /* Enum */ = {
			isa = PBXGroup;
			children = (
				6DD2DDD02B21E75600FAE91E /* NameColors.swift */,
				6DD2DDD22B21E7BA00FAE91E /* Segment.swift */,
				6DD2DDD42B21E83400FAE91E /* API.swift */,
				6DD2DDDC2B21EDB600FAE91E /* APError.swift */,
			);
			path = Enum;
			sourceTree = "<group>";
		};
		6DD2DDD62B21E9C400FAE91E /* Manager */ = {
			isa = PBXGroup;
			children = (
				6DD2DDD72B21E9D000FAE91E /* NetworkManager.swift */,
			);
			path = Manager;
			sourceTree = "<group>";
		};
		6DD2DDD92B21EA7500FAE91E /* Model */ = {
			isa = PBXGroup;
			children = (
				6DD2DDDA2B21EA7E00FAE91E /* Weather.swift */,
			);
			path = Model;
			sourceTree = "<group>";
		};
		6DD2DDDE2B21EE3D00FAE91E /* Extension */ = {
			isa = PBXGroup;
			children = (
				6DD2DDDF2B21EE4500FAE91E /* UIViewController + Ex.swift */,
				6DD2DDE12B21F3D400FAE91E /* Double + Ex.swift */,
				6DD2DDE82B22103A00FAE91E /* StackView + Ex.swift */,
			);
			path = Extension;
			sourceTree = "<group>";
		};
		6DD2DDE52B21FA8D00FAE91E /* Cell */ = {
			isa = PBXGroup;
			children = (
				6DD2DDE62B21FA9C00FAE91E /* WeatherTableViewCell.swift */,
			);
			path = Cell;
			sourceTree = "<group>";
		};
/* End PBXGroup section */

/* Begin PBXNativeTarget section */
		6DD2DDA92B21E18F00FAE91E /* WeatherTest */ = {
			isa = PBXNativeTarget;
			buildConfigurationList = 6DD2DDBE2B21E19200FAE91E /* Build configuration list for PBXNativeTarget "WeatherTest" */;
			buildPhases = (
				6DD2DDA62B21E18F00FAE91E /* Sources */,
				6DD2DDA72B21E18F00FAE91E /* Frameworks */,
				6DD2DDA82B21E18F00FAE91E /* Resources */,
			);
			buildRules = (
			);
			dependencies = (
			);
			name = WeatherTest;
			packageProductDependencies = (
				6DD2DDC42B21E3B500FAE91E /* SnapKit */,
				6DD2DDC62B21E3B500FAE91E /* SnapKit-Dynamic */,
			);
			productName = WeatherTest;
			productReference = 6DD2DDAA2B21E18F00FAE91E /* WeatherTest.app */;
			productType = "com.apple.product-type.application";
		};
/* End PBXNativeTarget section */

/* Begin PBXProject section */
		6DD2DDA22B21E18F00FAE91E /* Project object */ = {
			isa = PBXProject;
			attributes = {
				BuildIndependentTargetsInParallel = 1;
				LastSwiftUpdateCheck = 1500;
				LastUpgradeCheck = 1500;
				TargetAttributes = {
					6DD2DDA92B21E18F00FAE91E = {
						CreatedOnToolsVersion = 15.0.1;
					};
				};
			};
			buildConfigurationList = 6DD2DDA52B21E18F00FAE91E /* Build configuration list for PBXProject "WeatherTest" */;
			compatibilityVersion = "Xcode 14.0";
			developmentRegion = en;
			hasScannedForEncodings = 0;
			knownRegions = (
				en,
				Base,
			);
			mainGroup = 6DD2DDA12B21E18F00FAE91E;
			packageReferences = (
				6DD2DDC32B21E3B500FAE91E /* XCRemoteSwiftPackageReference "SnapKit" */,
			);
			productRefGroup = 6DD2DDAB2B21E18F00FAE91E /* Products */;
			projectDirPath = "";
			projectRoot = "";
			targets = (
				6DD2DDA92B21E18F00FAE91E /* WeatherTest */,
			);
		};
/* End PBXProject section */

/* Begin PBXResourcesBuildPhase section */
		6DD2DDA82B21E18F00FAE91E /* Resources */ = {
			isa = PBXResourcesBuildPhase;
			buildActionMask = 2147483647;
			files = (
				6DD2DDB72B21E19200FAE91E /* Assets.xcassets in Resources */,
			);
			runOnlyForDeploymentPostprocessing = 0;
		};
/* End PBXResourcesBuildPhase section */

/* Begin PBXSourcesBuildPhase section */
		6DD2DDA62B21E18F00FAE91E /* Sources */ = {
			isa = PBXSourcesBuildPhase;
			buildActionMask = 2147483647;
			files = (
				6DD2DDE42B21FA3100FAE91E /* DetailViewController.swift in Sources */,
				6DD2DDB22B21E18F00FAE91E /* WeatherViewController.swift in Sources */,
				6DD2DDD32B21E7BA00FAE91E /* Segment.swift in Sources */,
				6DD2DDAE2B21E18F00FAE91E /* AppDelegate.swift in Sources */,
				6DD2DDB02B21E18F00FAE91E /* SceneDelegate.swift in Sources */,
				6DD2DDDB2B21EA7E00FAE91E /* Weather.swift in Sources */,
				6DD2DDE72B21FA9C00FAE91E /* WeatherTableViewCell.swift in Sources */,
				6DD2DDE92B22103A00FAE91E /* StackView + Ex.swift in Sources */,
				6DD2DDDD2B21EDB600FAE91E /* APError.swift in Sources */,
				6DD2DDD82B21E9D000FAE91E /* NetworkManager.swift in Sources */,
				6DD2DDD12B21E75600FAE91E /* NameColors.swift in Sources */,
				6DD2DDE02B21EE4500FAE91E /* UIViewController + Ex.swift in Sources */,
				6DD2DDCE2B21E46200FAE91E /* LoadingViewController.swift in Sources */,
				6DD2DDD52B21E83400FAE91E /* API.swift in Sources */,
				6DD2DDE22B21F3D400FAE91E /* Double + Ex.swift in Sources */,
			);
			runOnlyForDeploymentPostprocessing = 0;
		};
/* End PBXSourcesBuildPhase section */

/* Begin XCBuildConfiguration section */
		6DD2DDBC2B21E19200FAE91E /* Debug */ = {
			isa = XCBuildConfiguration;
			buildSettings = {
				ALWAYS_SEARCH_USER_PATHS = NO;
				ASSETCATALOG_COMPILER_GENERATE_SWIFT_ASSET_SYMBOL_EXTENSIONS = YES;
				CLANG_ANALYZER_NONNULL = YES;
				CLANG_ANALYZER_NUMBER_OBJECT_CONVERSION = YES_AGGRESSIVE;
				CLANG_CXX_LANGUAGE_STANDARD = "gnu++20";
				CLANG_ENABLE_MODULES = YES;
				CLANG_ENABLE_OBJC_ARC = YES;
				CLANG_ENABLE_OBJC_WEAK = YES;
				CLANG_WARN_BLOCK_CAPTURE_AUTORELEASING = YES;
				CLANG_WARN_BOOL_CONVERSION = YES;
				CLANG_WARN_COMMA = YES;
				CLANG_WARN_CONSTANT_CONVERSION = YES;
				CLANG_WARN_DEPRECATED_OBJC_IMPLEMENTATIONS = YES;
				CLANG_WARN_DIRECT_OBJC_ISA_USAGE = YES_ERROR;
				CLANG_WARN_DOCUMENTATION_COMMENTS = YES;
				CLANG_WARN_EMPTY_BODY = YES;
				CLANG_WARN_ENUM_CONVERSION = YES;
				CLANG_WARN_INFINITE_RECURSION = YES;
				CLANG_WARN_INT_CONVERSION = YES;
				CLANG_WARN_NON_LITERAL_NULL_CONVERSION = YES;
				CLANG_WARN_OBJC_IMPLICIT_RETAIN_SELF = YES;
				CLANG_WARN_OBJC_LITERAL_CONVERSION = YES;
				CLANG_WARN_OBJC_ROOT_CLASS = YES_ERROR;
				CLANG_WARN_QUOTED_INCLUDE_IN_FRAMEWORK_HEADER = YES;
				CLANG_WARN_RANGE_LOOP_ANALYSIS = YES;
				CLANG_WARN_STRICT_PROTOTYPES = YES;
				CLANG_WARN_SUSPICIOUS_MOVE = YES;
				CLANG_WARN_UNGUARDED_AVAILABILITY = YES_AGGRESSIVE;
				CLANG_WARN_UNREACHABLE_CODE = YES;
				CLANG_WARN__DUPLICATE_METHOD_MATCH = YES;
				COPY_PHASE_STRIP = NO;
				DEBUG_INFORMATION_FORMAT = dwarf;
				ENABLE_STRICT_OBJC_MSGSEND = YES;
				ENABLE_TESTABILITY = YES;
				ENABLE_USER_SCRIPT_SANDBOXING = YES;
				GCC_C_LANGUAGE_STANDARD = gnu17;
				GCC_DYNAMIC_NO_PIC = NO;
				GCC_NO_COMMON_BLOCKS = YES;
				GCC_OPTIMIZATION_LEVEL = 0;
				GCC_PREPROCESSOR_DEFINITIONS = (
					"DEBUG=1",
					"$(inherited)",
				);
				GCC_WARN_64_TO_32_BIT_CONVERSION = YES;
				GCC_WARN_ABOUT_RETURN_TYPE = YES_ERROR;
				GCC_WARN_UNDECLARED_SELECTOR = YES;
				GCC_WARN_UNINITIALIZED_AUTOS = YES_AGGRESSIVE;
				GCC_WARN_UNUSED_FUNCTION = YES;
				GCC_WARN_UNUSED_VARIABLE = YES;
				IPHONEOS_DEPLOYMENT_TARGET = 16.0;
				LOCALIZATION_PREFERS_STRING_CATALOGS = YES;
				MTL_ENABLE_DEBUG_INFO = INCLUDE_SOURCE;
				MTL_FAST_MATH = YES;
				ONLY_ACTIVE_ARCH = YES;
				SDKROOT = iphoneos;
				SWIFT_ACTIVE_COMPILATION_CONDITIONS = "DEBUG $(inherited)";
				SWIFT_OPTIMIZATION_LEVEL = "-Onone";
			};
			name = Debug;
		};
		6DD2DDBD2B21E19200FAE91E /* Release */ = {
			isa = XCBuildConfiguration;
			buildSettings = {
				ALWAYS_SEARCH_USER_PATHS = NO;
				ASSETCATALOG_COMPILER_GENERATE_SWIFT_ASSET_SYMBOL_EXTENSIONS = YES;
				CLANG_ANALYZER_NONNULL = YES;
				CLANG_ANALYZER_NUMBER_OBJECT_CONVERSION = YES_AGGRESSIVE;
				CLANG_CXX_LANGUAGE_STANDARD = "gnu++20";
				CLANG_ENABLE_MODULES = YES;
				CLANG_ENABLE_OBJC_ARC = YES;
				CLANG_ENABLE_OBJC_WEAK = YES;
				CLANG_WARN_BLOCK_CAPTURE_AUTORELEASING = YES;
				CLANG_WARN_BOOL_CONVERSION = YES;
				CLANG_WARN_COMMA = YES;
				CLANG_WARN_CONSTANT_CONVERSION = YES;
				CLANG_WARN_DEPRECATED_OBJC_IMPLEMENTATIONS = YES;
				CLANG_WARN_DIRECT_OBJC_ISA_USAGE = YES_ERROR;
				CLANG_WARN_DOCUMENTATION_COMMENTS = YES;
				CLANG_WARN_EMPTY_BODY = YES;
				CLANG_WARN_ENUM_CONVERSION = YES;
				CLANG_WARN_INFINITE_RECURSION = YES;
				CLANG_WARN_INT_CONVERSION = YES;
				CLANG_WARN_NON_LITERAL_NULL_CONVERSION = YES;
				CLANG_WARN_OBJC_IMPLICIT_RETAIN_SELF = YES;
				CLANG_WARN_OBJC_LITERAL_CONVERSION = YES;
				CLANG_WARN_OBJC_ROOT_CLASS = YES_ERROR;
				CLANG_WARN_QUOTED_INCLUDE_IN_FRAMEWORK_HEADER = YES;
				CLANG_WARN_RANGE_LOOP_ANALYSIS = YES;
				CLANG_WARN_STRICT_PROTOTYPES = YES;
				CLANG_WARN_SUSPICIOUS_MOVE = YES;
				CLANG_WARN_UNGUARDED_AVAILABILITY = YES_AGGRESSIVE;
				CLANG_WARN_UNREACHABLE_CODE = YES;
				CLANG_WARN__DUPLICATE_METHOD_MATCH = YES;
				COPY_PHASE_STRIP = NO;
				DEBUG_INFORMATION_FORMAT = "dwarf-with-dsym";
				ENABLE_NS_ASSERTIONS = NO;
				ENABLE_STRICT_OBJC_MSGSEND = YES;
				ENABLE_USER_SCRIPT_SANDBOXING = YES;
				GCC_C_LANGUAGE_STANDARD = gnu17;
				GCC_NO_COMMON_BLOCKS = YES;
				GCC_WARN_64_TO_32_BIT_CONVERSION = YES;
				GCC_WARN_ABOUT_RETURN_TYPE = YES_ERROR;
				GCC_WARN_UNDECLARED_SELECTOR = YES;
				GCC_WARN_UNINITIALIZED_AUTOS = YES_AGGRESSIVE;
				GCC_WARN_UNUSED_FUNCTION = YES;
				GCC_WARN_UNUSED_VARIABLE = YES;
				IPHONEOS_DEPLOYMENT_TARGET = 16.0;
				LOCALIZATION_PREFERS_STRING_CATALOGS = YES;
				MTL_ENABLE_DEBUG_INFO = NO;
				MTL_FAST_MATH = YES;
				SDKROOT = iphoneos;
				SWIFT_COMPILATION_MODE = wholemodule;
				VALIDATE_PRODUCT = YES;
			};
			name = Release;
		};
		6DD2DDBF2B21E19200FAE91E /* Debug */ = {
			isa = XCBuildConfiguration;
			buildSettings = {
				ASSETCATALOG_COMPILER_APPICON_NAME = AppIcon;
				ASSETCATALOG_COMPILER_GLOBAL_ACCENT_COLOR_NAME = AccentColor;
				CODE_SIGN_STYLE = Automatic;
				CURRENT_PROJECT_VERSION = 1;
				DEVELOPMENT_TEAM = 2UV89UU2ZA;
				GENERATE_INFOPLIST_FILE = YES;
				INFOPLIST_FILE = WeatherTest/Support/Info.plist;
				INFOPLIST_KEY_UIApplicationSupportsIndirectInputEvents = YES;
				INFOPLIST_KEY_UILaunchStoryboardName = LaunchScreen;
				INFOPLIST_KEY_UISupportedInterfaceOrientations_iPad = "UIInterfaceOrientationPortrait UIInterfaceOrientationPortraitUpsideDown UIInterfaceOrientationLandscapeLeft UIInterfaceOrientationLandscapeRight";
				INFOPLIST_KEY_UISupportedInterfaceOrientations_iPhone = "UIInterfaceOrientationPortrait UIInterfaceOrientationLandscapeLeft UIInterfaceOrientationLandscapeRight";
				IPHONEOS_DEPLOYMENT_TARGET = 16.0;
				LD_RUNPATH_SEARCH_PATHS = (
					"$(inherited)",
					"@executable_path/Frameworks",
				);
				MARKETING_VERSION = 1.0;
				PRODUCT_BUNDLE_IDENTIFIER = seliuk.WeatherTest;
				PRODUCT_NAME = "$(TARGET_NAME)";
				SUPPORTED_PLATFORMS = "iphoneos iphonesimulator";
				SUPPORTS_MACCATALYST = NO;
				SUPPORTS_MAC_DESIGNED_FOR_IPHONE_IPAD = NO;
				SWIFT_EMIT_LOC_STRINGS = YES;
				SWIFT_VERSION = 5.0;
				TARGETED_DEVICE_FAMILY = 1;
			};
			name = Debug;
		};
		6DD2DDC02B21E19200FAE91E /* Release */ = {
			isa = XCBuildConfiguration;
			buildSettings = {
				ASSETCATALOG_COMPILER_APPICON_NAME = AppIcon;
				ASSETCATALOG_COMPILER_GLOBAL_ACCENT_COLOR_NAME = AccentColor;
				CODE_SIGN_STYLE = Automatic;
				CURRENT_PROJECT_VERSION = 1;
				DEVELOPMENT_TEAM = 2UV89UU2ZA;
				GENERATE_INFOPLIST_FILE = YES;
				INFOPLIST_FILE = WeatherTest/Support/Info.plist;
				INFOPLIST_KEY_UIApplicationSupportsIndirectInputEvents = YES;
				INFOPLIST_KEY_UILaunchStoryboardName = LaunchScreen;
				INFOPLIST_KEY_UISupportedInterfaceOrientations_iPad = "UIInterfaceOrientationPortrait UIInterfaceOrientationPortraitUpsideDown UIInterfaceOrientationLandscapeLeft UIInterfaceOrientationLandscapeRight";
				INFOPLIST_KEY_UISupportedInterfaceOrientations_iPhone = "UIInterfaceOrientationPortrait UIInterfaceOrientationLandscapeLeft UIInterfaceOrientationLandscapeRight";
				IPHONEOS_DEPLOYMENT_TARGET = 16.0;
				LD_RUNPATH_SEARCH_PATHS = (
					"$(inherited)",
					"@executable_path/Frameworks",
				);
				MARKETING_VERSION = 1.0;
				PRODUCT_BUNDLE_IDENTIFIER = seliuk.WeatherTest;
				PRODUCT_NAME = "$(TARGET_NAME)";
				SUPPORTED_PLATFORMS = "iphoneos iphonesimulator";
				SUPPORTS_MACCATALYST = NO;
				SUPPORTS_MAC_DESIGNED_FOR_IPHONE_IPAD = NO;
				SWIFT_EMIT_LOC_STRINGS = YES;
				SWIFT_VERSION = 5.0;
				TARGETED_DEVICE_FAMILY = 1;
			};
			name = Release;
		};
/* End XCBuildConfiguration section */

/* Begin XCConfigurationList section */
		6DD2DDA52B21E18F00FAE91E /* Build configuration list for PBXProject "WeatherTest" */ = {
			isa = XCConfigurationList;
			buildConfigurations = (
				6DD2DDBC2B21E19200FAE91E /* Debug */,
				6DD2DDBD2B21E19200FAE91E /* Release */,
			);
			defaultConfigurationIsVisible = 0;
			defaultConfigurationName = Release;
		};
		6DD2DDBE2B21E19200FAE91E /* Build configuration list for PBXNativeTarget "WeatherTest" */ = {
			isa = XCConfigurationList;
			buildConfigurations = (
				6DD2DDBF2B21E19200FAE91E /* Debug */,
				6DD2DDC02B21E19200FAE91E /* Release */,
			);
			defaultConfigurationIsVisible = 0;
			defaultConfigurationName = Release;
		};
/* End XCConfigurationList section */

/* Begin XCRemoteSwiftPackageReference section */
		6DD2DDC32B21E3B500FAE91E /* XCRemoteSwiftPackageReference "SnapKit" */ = {
			isa = XCRemoteSwiftPackageReference;
			repositoryURL = "https://github.com/SnapKit/SnapKit.git";
			requirement = {
				kind = upToNextMajorVersion;
				minimumVersion = 5.6.0;
			};
		};
/* End XCRemoteSwiftPackageReference section */

/* Begin XCSwiftPackageProductDependency section */
		6DD2DDC42B21E3B500FAE91E /* SnapKit */ = {
			isa = XCSwiftPackageProductDependency;
			package = 6DD2DDC32B21E3B500FAE91E /* XCRemoteSwiftPackageReference "SnapKit" */;
			productName = SnapKit;
		};
		6DD2DDC62B21E3B500FAE91E /* SnapKit-Dynamic */ = {
			isa = XCSwiftPackageProductDependency;
			package = 6DD2DDC32B21E3B500FAE91E /* XCRemoteSwiftPackageReference "SnapKit" */;
			productName = "SnapKit-Dynamic";
		};
/* End XCSwiftPackageProductDependency section */
	};
	rootObject = 6DD2DDA22B21E18F00FAE91E /* Project object */;
}
